
Microsoft Visual Studio Solution File, Format Version 11.00
# Visual Studio 2010
Project("{FAE04EC0-301F-11D3-BF4B-00C04F79EFBC}") = "Assembly-CSharp", "Assembly-CSharp.csproj", "{E1AE8D82-8C20-3F23-5809-D3A6A6EA5D03}"
EndProject
Project("{FAE04EC0-301F-11D3-BF4B-00C04F79EFBC}") = "Assembly-CSharp-Editor", "Assembly-CSharp-Editor.csproj", "{7008B520-61A2-DBBC-0572-6676514511AF}"
EndProject
Global
	GlobalSection(SolutionConfigurationPlatforms) = preSolution
		Debug|Any CPU = Debug|Any CPU
		Release|Any CPU = Release|Any CPU
	EndGlobalSection
	GlobalSection(ProjectConfigurationPlatforms) = postSolution
		{E1AE8D82-8C20-3F23-5809-D3A6A6EA5D03}.Debug|Any CPU.ActiveCfg = Debug|Any CPU
		{E1AE8D82-8C20-3F23-5809-D3A6A6EA5D03}.Debug|Any CPU.Build.0 = Debug|Any CPU
		{E1AE8D82-8C20-3F23-5809-D3A6A6EA5D03}.Release|Any CPU.ActiveCfg = Release|Any CPU
		{E1AE8D82-8C20-3F23-5809-D3A6A6EA5D03}.Release|Any CPU.Build.0 = Release|Any CPU
		{7008B520-61A2-DBBC-0572-6676514511AF}.Debug|Any CPU.ActiveCfg = Debug|Any CPU
		{7008B520-61A2-DBBC-0572-6676514511AF}.Debug|Any CPU.Build.0 = Debug|Any CPU
		{7008B520-61A2-DBBC-0572-6676514511AF}.Release|Any CPU.ActiveCfg = Release|Any CPU
		{7008B520-61A2-DBBC-0572-6676514511AF}.Release|Any CPU.Build.0 = Release|Any CPU
	EndGlobalSection
	GlobalSection(SolutionProperties) = preSolution
		HideSolutionNode = FALSE
	EndGlobalSection
	GlobalSection(MonoDevelopProperties) = preSolution
		StartupItem = Assembly-CSharp.csproj
	EndGlobalSection
EndGlobal
